<?xml version="1.0" encoding="utf-8"?>
<Project ToolsVersion="4.0" xmlns="http://schemas.microsoft.com/developer/msbuild/2003">
  <ItemGroup>
    <ClCompile Include="FontMod.cpp" />
  </ItemGroup>
  <ItemGroup>
    <ClInclude Include="resource.h" />
    <ClInclude Include="Util.hpp" />
    <ClInclude Include="DefConfigFile.hpp" />
    <ClInclude Include="winmm.hpp" />
  </ItemGroup>
  <ItemGroup>
    <ResourceCompile Include="Resource.rc" />
  </ItemGroup>
  <ItemGroup>
    <Natvis Include="yaml-cpp\src\contrib\yaml-cpp.natvis" />
  </ItemGroup>
  <ItemGroup>
    <MASM Include="winmm.asm" />
  </ItemGroup>
</Project>